
Microsoft Visual Studio Solution File, Format Version 12.00
# Visual Studio Version 17
VisualStudioVersion = 17.6.33829.357
MinimumVisualStudioVersion = 10.0.40219.1
Project("{2150E333-8FDC-42A3-9474-1A3956D46DE8}") = "MODELOS", "MODELOS", "{A7FB7E7C-393E-4920-ADF9-835766531529}"
EndProject
Project("{FAE04EC0-301F-11D3-BF4B-00C04F79EFBC}") = "Presentacion_Tienda", "Presentacion_Tienda\Presentacion_Tienda.csproj", "{BD6490B4-D922-4F9E-9DD5-FBBBF77E871F}"
EndProject
Project("{FAE04EC0-301F-11D3-BF4B-00C04F79EFBC}") = "Presentacion_Admin", "Presentacion_Admin\Presentacion_Admin.csproj", "{7D4AC16E-E61D-4E2B-A2E2-9DE8D375D044}"
EndProject
Project("{2150E333-8FDC-42A3-9474-1A3956D46DE8}") = "ENTIDADES", "ENTIDADES", "{E6799BDF-4944-448F-B4F4-34F198A164AA}"
EndProject
Project("{2150E333-8FDC-42A3-9474-1A3956D46DE8}") = "MSTest", "MSTest", "{A8C6711D-D587-4B8D-ADF7-420B8E3336A7}"
EndProject
Project("{2150E333-8FDC-42A3-9474-1A3956D46DE8}") = "Excepciones", "Excepciones", "{A7F297B2-DF6C-45A0-8725-A59556EE5056}"
EndProject
Project("{FAE04EC0-301F-11D3-BF4B-00C04F79EFBC}") = "Entidades", "Entidades\Entidades.csproj", "{767EC51C-1448-4061-93CF-B1DF2F941EE4}"
EndProject
Project("{FAE04EC0-301F-11D3-BF4B-00C04F79EFBC}") = "CapaDatos", "CapaDatos\CapaDatos.csproj", "{667704FB-9181-4D57-AD72-A7073AD4B413}"
EndProject
Project("{FAE04EC0-301F-11D3-BF4B-00C04F79EFBC}") = "Negocio", "Negocio\Negocio.csproj", "{82924FD0-1046-472E-9499-EA50FBED2806}"
EndProject
Project("{FAE04EC0-301F-11D3-BF4B-00C04F79EFBC}") = "SQLTest", "SQLTest\SQLTest.csproj", "{E53ADA16-D00C-43A6-B143-9D5275ABCC4C}"
EndProject
Global
	GlobalSection(SolutionConfigurationPlatforms) = preSolution
		Debug|Any CPU = Debug|Any CPU
		Release|Any CPU = Release|Any CPU
	EndGlobalSection
	GlobalSection(ProjectConfigurationPlatforms) = postSolution
		{BD6490B4-D922-4F9E-9DD5-FBBBF77E871F}.Debug|Any CPU.ActiveCfg = Debug|Any CPU
		{BD6490B4-D922-4F9E-9DD5-FBBBF77E871F}.Debug|Any CPU.Build.0 = Debug|Any CPU
		{BD6490B4-D922-4F9E-9DD5-FBBBF77E871F}.Release|Any CPU.ActiveCfg = Release|Any CPU
		{BD6490B4-D922-4F9E-9DD5-FBBBF77E871F}.Release|Any CPU.Build.0 = Release|Any CPU
		{7D4AC16E-E61D-4E2B-A2E2-9DE8D375D044}.Debug|Any CPU.ActiveCfg = Debug|Any CPU
		{7D4AC16E-E61D-4E2B-A2E2-9DE8D375D044}.Debug|Any CPU.Build.0 = Debug|Any CPU
		{7D4AC16E-E61D-4E2B-A2E2-9DE8D375D044}.Release|Any CPU.ActiveCfg = Release|Any CPU
		{7D4AC16E-E61D-4E2B-A2E2-9DE8D375D044}.Release|Any CPU.Build.0 = Release|Any CPU
		{767EC51C-1448-4061-93CF-B1DF2F941EE4}.Debug|Any CPU.ActiveCfg = Debug|Any CPU
		{767EC51C-1448-4061-93CF-B1DF2F941EE4}.Debug|Any CPU.Build.0 = Debug|Any CPU
		{767EC51C-1448-4061-93CF-B1DF2F941EE4}.Release|Any CPU.ActiveCfg = Release|Any CPU
		{767EC51C-1448-4061-93CF-B1DF2F941EE4}.Release|Any CPU.Build.0 = Release|Any CPU
		{667704FB-9181-4D57-AD72-A7073AD4B413}.Debug|Any CPU.ActiveCfg = Debug|Any CPU
		{667704FB-9181-4D57-AD72-A7073AD4B413}.Debug|Any CPU.Build.0 = Debug|Any CPU
		{667704FB-9181-4D57-AD72-A7073AD4B413}.Release|Any CPU.ActiveCfg = Release|Any CPU
		{667704FB-9181-4D57-AD72-A7073AD4B413}.Release|Any CPU.Build.0 = Release|Any CPU
		{82924FD0-1046-472E-9499-EA50FBED2806}.Debug|Any CPU.ActiveCfg = Debug|Any CPU
		{82924FD0-1046-472E-9499-EA50FBED2806}.Debug|Any CPU.Build.0 = Debug|Any CPU
		{82924FD0-1046-472E-9499-EA50FBED2806}.Release|Any CPU.ActiveCfg = Release|Any CPU
		{82924FD0-1046-472E-9499-EA50FBED2806}.Release|Any CPU.Build.0 = Release|Any CPU
		{E53ADA16-D00C-43A6-B143-9D5275ABCC4C}.Debug|Any CPU.ActiveCfg = Debug|Any CPU
		{E53ADA16-D00C-43A6-B143-9D5275ABCC4C}.Debug|Any CPU.Build.0 = Debug|Any CPU
		{E53ADA16-D00C-43A6-B143-9D5275ABCC4C}.Release|Any CPU.ActiveCfg = Release|Any CPU
		{E53ADA16-D00C-43A6-B143-9D5275ABCC4C}.Release|Any CPU.Build.0 = Release|Any CPU
	EndGlobalSection
	GlobalSection(SolutionProperties) = preSolution
		HideSolutionNode = FALSE
	EndGlobalSection
	GlobalSection(NestedProjects) = preSolution
		{BD6490B4-D922-4F9E-9DD5-FBBBF77E871F} = {A7FB7E7C-393E-4920-ADF9-835766531529}
		{7D4AC16E-E61D-4E2B-A2E2-9DE8D375D044} = {A7FB7E7C-393E-4920-ADF9-835766531529}
		{767EC51C-1448-4061-93CF-B1DF2F941EE4} = {E6799BDF-4944-448F-B4F4-34F198A164AA}
		{667704FB-9181-4D57-AD72-A7073AD4B413} = {E6799BDF-4944-448F-B4F4-34F198A164AA}
		{82924FD0-1046-472E-9499-EA50FBED2806} = {E6799BDF-4944-448F-B4F4-34F198A164AA}
		{E53ADA16-D00C-43A6-B143-9D5275ABCC4C} = {A8C6711D-D587-4B8D-ADF7-420B8E3336A7}
	EndGlobalSection
	GlobalSection(ExtensibilityGlobals) = postSolution
		SolutionGuid = {2421A1D8-B0A9-44A1-880B-A00C19906F5B}
	EndGlobalSection
EndGlobal
